
Microsoft Visual Studio Solution File, Format Version 12.00
# Visual Studio Version 16
VisualStudioVersion = 16.0.31729.503
MinimumVisualStudioVersion = 10.0.40219.1
Project("{FAE04EC0-301F-11D3-BF4B-00C04F79EFBC}") = "MUSIC", "MUSIC\MUSIC.csproj", "{425EEA31-044C-40D3-92CC-52115568549E}"
EndProject
Project("{FAE04EC0-301F-11D3-BF4B-00C04F79EFBC}") = "UnitTestProject1", "UnitTestProject1\UnitTestProject1.csproj", "{7CB3CA30-5BCF-402F-9982-B3D9B1AFDEF5}"
EndProject
Global
	GlobalSection(SolutionConfigurationPlatforms) = preSolution
		Debug|Any CPU = Debug|Any CPU
		Release|Any CPU = Release|Any CPU
	EndGlobalSection
	GlobalSection(ProjectConfigurationPlatforms) = postSolution
		{425EEA31-044C-40D3-92CC-52115568549E}.Debug|Any CPU.ActiveCfg = Debug|Any CPU
		{425EEA31-044C-40D3-92CC-52115568549E}.Debug|Any CPU.Build.0 = Debug|Any CPU
		{425EEA31-044C-40D3-92CC-52115568549E}.Release|Any CPU.ActiveCfg = Release|Any CPU
		{425EEA31-044C-40D3-92CC-52115568549E}.Release|Any CPU.Build.0 = Release|Any CPU
		{7CB3CA30-5BCF-402F-9982-B3D9B1AFDEF5}.Debug|Any CPU.ActiveCfg = Debug|Any CPU
		{7CB3CA30-5BCF-402F-9982-B3D9B1AFDEF5}.Debug|Any CPU.Build.0 = Debug|Any CPU
		{7CB3CA30-5BCF-402F-9982-B3D9B1AFDEF5}.Release|Any CPU.ActiveCfg = Release|Any CPU
		{7CB3CA30-5BCF-402F-9982-B3D9B1AFDEF5}.Release|Any CPU.Build.0 = Release|Any CPU
	EndGlobalSection
	GlobalSection(SolutionProperties) = preSolution
		HideSolutionNode = FALSE
	EndGlobalSection
	GlobalSection(ExtensibilityGlobals) = postSolution
		SolutionGuid = {1A2C8DC2-8A62-4122-A2F7-BED46F79FC2E}
	EndGlobalSection
EndGlobal
